
Microsoft Visual Studio Solution File, Format Version 12.00
# Visual Studio Version 17
VisualStudioVersion = 17.11.35219.272
MinimumVisualStudioVersion = 10.0.40219.1
Project("{FAE04EC0-301F-11D3-BF4B-00C04F79EFBC}") = "CSharp_Calculator", "CSharp_Calculator.csproj", "{EAF4591B-9E83-410D-B8A4-479E63E46043}"
EndProject
Global
	GlobalSection(SolutionConfigurationPlatforms) = preSolution
		Debug|Any CPU = Debug|Any CPU
		Release|Any CPU = Release|Any CPU
	EndGlobalSection
	GlobalSection(ProjectConfigurationPlatforms) = postSolution
		{EAF4591B-9E83-410D-B8A4-479E63E46043}.Debug|Any CPU.ActiveCfg = Debug|Any CPU
		{EAF4591B-9E83-410D-B8A4-479E63E46043}.Debug|Any CPU.Build.0 = Debug|Any CPU
		{EAF4591B-9E83-410D-B8A4-479E63E46043}.Release|Any CPU.ActiveCfg = Release|Any CPU
		{EAF4591B-9E83-410D-B8A4-479E63E46043}.Release|Any CPU.Build.0 = Release|Any CPU
	EndGlobalSection
	GlobalSection(SolutionProperties) = preSolution
		HideSolutionNode = FALSE
	EndGlobalSection
	GlobalSection(ExtensibilityGlobals) = postSolution
		SolutionGuid = {123D139E-BF8A-4AC1-9E54-9FB76F390344}
	EndGlobalSection
EndGlobal
